
Microsoft Visual Studio Solution File, Format Version 12.00
# Visual Studio Version 16
VisualStudioVersion = 16.0.31005.135
MinimumVisualStudioVersion = 10.0.40219.1
Project("{888888A0-9F3D-457C-B088-3A5042F75D52}") = "Zadanie 'lista zakupów' - git", "Zadanie 'lista zakupów' - git\Zadanie 'lista zakupów' - git.pyproj", "{9B1A3530-A3F3-4595-944A-B35A6285C462}"
EndProject
Global
	GlobalSection(SolutionConfigurationPlatforms) = preSolution
		Debug|Any CPU = Debug|Any CPU
		Release|Any CPU = Release|Any CPU
	EndGlobalSection
	GlobalSection(ProjectConfigurationPlatforms) = postSolution
		{9B1A3530-A3F3-4595-944A-B35A6285C462}.Debug|Any CPU.ActiveCfg = Debug|Any CPU
		{9B1A3530-A3F3-4595-944A-B35A6285C462}.Release|Any CPU.ActiveCfg = Release|Any CPU
	EndGlobalSection
	GlobalSection(SolutionProperties) = preSolution
		HideSolutionNode = FALSE
	EndGlobalSection
	GlobalSection(ExtensibilityGlobals) = postSolution
		SolutionGuid = {81EAEFF7-5C18-40B4-AE5C-FDD1FC76A36E}
	EndGlobalSection
EndGlobal
